bou.ke/monkey v1.0.1/go.mod h1:FgHuK96Rv2Nlf+0u1OOVDpCMdsWyOFmeeketDHE7LIg=
github.com/davecgh/go-spew v1.1.1 h1:vj9j/u1bqnvCEfJOwUhtlOARqs3+rkHYY13jYWTU97c=
github.com/davecgh/go-spew v1.1.1/go.mod h1:J7Y8YcW2NihsgmVo/mv3lAwl/skON4iLHjSsI+c5H38=
github.com/go-kivik/kivik/v4 v4.0.0-20201011094523-ab1764d67e62 h1:BHpOPeyQQnx9SvGJDipUls95YTO5FTPFV/qik0NSfeo=
github.com/go-kivik/kivik/v4 v4.0.0-20201011094523-ab1764d67e62/go.mod h1:O2fxy5xMXO7vaVr2gQG38sYTj/mHwg5Md/8kP7qUZQk=
github.com/go-kivik/kivik/v4 v4.0.0-20201015190251-5d5c2f1c89fa h1:s1Q03Mwcx7EJNq+mgFpFoWfGwsx2r5jyUek7kNlYv0s=
github.com/go-kivik/kivik/v4 v4.0.0-20201015190251-5d5c2f1c89fa/go.mod h1:O2fxy5xMXO7vaVr2gQG38sYTj/mHwg5Md/8kP7qUZQk=
github.com/go-kivik/kiviktest/v4 v4.0.0-20210410161422-2df5be2daeb6 h1:FXnNxH7j79NFxnDKxSqL8vjPN9hsamOhs4Eu/OZ6KVU=
github.com/go-kivik/kiviktest/v4 v4.0.0-20210410161422-2df5be2daeb6/go.mod h1:d5boDDPySqnpjX41iT7H7FTyUcqjAKrw9gQPkdAo5Ko=
github.com/gopherjs/gopherjs v0.0.0-20180825215210-0210a2f0f73c/go.mod h1:wJfORRmW1u3UXTncJ5qlYoELFm8eSnnEO6hX4iZ3EWY=
github.com/gopherjs/gopherjs v0.0.0-20200217142428-fce0ec30dd00 h1:l5lAOZEym3oK3SQ2HBHWsJUfbNBiTXJDeW2QDxw9AQ0=
github.com/gopherjs/gopherjs v0.0.0-20200217142428-fce0ec30dd00/go.mod h1:wJfORRmW1u3UXTncJ5qlYoELFm8eSnnEO6hX4iZ3EWY=
github.com/otiai10/copy v1.0.2 h1:DDNipYy6RkIkjMwy+AWzgKiNTyj2RUI9yEMeETEpVyc=
github.com/otiai10/copy v1.0.2/go.mod h1:c7RpqBkwMom4bYTSkLSym4VSJz/XtncWRAj/J4PEIMY=
github.com/otiai10/curr v0.0.0-20150429015615-9b4961190c95/go.mod h1:9qAhocn7zKJG+0mI8eUu6xqkFDYS2kb2saOteoSB3cE=
github.com/otiai10/curr v0.0.0-20190513014714-f5a3d24e5776 h1:o59bHXu8Ejas8Kq6pjoVJQ9/neN66SM8AKh6wI42BBs=
github.com/otiai10/curr v0.0.0-20190513014714-f5a3d24e5776/go.mod h1:3HNVkVOU7vZeFXocWuvtcS0XSFLcf2XUSDHkq9t1jU4=
github.com/otiai10/mint v1.2.4/go.mod h1:d+b7n/0R3tdyUYYylALXpWQ/kTN+QobSq/4SRGBkR3M=
github.com/otiai10/mint v1.3.0 h1:Ady6MKVezQwHBkGzLFbrsywyp09Ah7rkmfjV3Bcr5uc=
github.com/otiai10/mint v1.3.0/go.mod h1:F5AjcsTsWUqX+Na9fpHb52P8pcRX2CI6A3ctIT91xUo=
github.com/pkg/errors v0.8.1/go.mod h1:bwawxfHBFNV+L2hUp1rHADufV3IMtnDRdf1r5NINEl0=
github.com/pkg/errors v0.9.1 h1:FEBLx1zS214owpjy7qsBeixbURkuhQAwrK5UwLGTwt4=
github.com/pkg/errors v0.9.1/go.mod h1:bwawxfHBFNV+L2hUp1rHADufV3IMtnDRdf1r5NINEl0=
github.com/pmezard/go-difflib v1.0.0 h1:4DBwDE0NGyQoBHbLQYPwSUPoCMWR5BEzIk/f1lZbAQM=
github.com/pmezard/go-difflib v1.0.0/go.mod h1:iKH77koFhYxTK1pcRnkKkqfTogsbg7gZNVY4sRDYZ/4=
gitlab.com/flimzy/testy v0.0.3 h1:UkCz4aDa52cUX6uwvuVrwlTFZC1AesU5W6grDUcVFlg=
gitlab.com/flimzy/testy v0.0.3/go.mod h1:YObF4cq711ubd/3U0ydRQQVz7Cnq/ChgJpVwNr/AJac=
gitlab.com/flimzy/testy v0.3.1 h1:/ftN5iz+XikpoKl4zY4pE+Bdb1ujiiWzQLzrNo+VvZ0=
gitlab.com/flimzy/testy v0.3.1/go.mod h1:YObF4cq711ubd/3U0ydRQQVz7Cnq/ChgJpVwNr/AJac=
gitlab.com/flimzy/testy v0.3.2 h1:4djQFwBJ1ayM681Zx7Y3+OKns/E9zAfGFsLc967jfdk=
gitlab.com/flimzy/testy v0.3.2/go.mod h1:YObF4cq711ubd/3U0ydRQQVz7Cnq/ChgJpVwNr/AJac=
golang.org/x/crypto v0.0.0-20190308221718-c2843e01d9a2/go.mod h1:djNgcEr1/C05ACkg1iLfiJU5Ep61QUkGW8qpdssI0+w=
golang.org/x/crypto v0.0.0-20200622213623-75b288015ac9 h1:psW17arqaxU48Z5kZ0CQnkZWQJsqcURM6tKiBApRjXI=
golang.org/x/crypto v0.0.0-20200622213623-75b288015ac9/go.mod h1:LzIPMQfyMNhhGPhUkYOs5KpL4U8rLKemX1yGLhDgUto=
golang.org/x/net v0.0.0-20190404232315-eb5bcb51f2a3/go.mod h1:t9HGtf8HONx5eT2rtn7q6eTqICYqUVnKs3thJo3Qplg=
golang.org/x/net v0.0.0-20201026091529-146b70c837a4 h1:awiuzyrRjJDb+OXi9ceHO3SDxVoN3JER57mhtqkdQBs=
golang.org/x/net v0.0.0-20201026091529-146b70c837a4/go.mod h1:sp8m0HH+o8qH0wwXwYZr8TS3Oi6o0r6Gce1SSxlDquU=
golang.org/x/sys v0.0.0-20190215142949-d0b11bdaac8a/go.mod h1:STP8DvDyc/dI5b8T5hshtkjS+E42TnysNCUPdjciGhY=
golang.org/x/sys v0.0.0-20190412213103-97732733099d/go.mod h1:h1NjWce9XRLGQEsW7wpKNCjG9DtNlClVuFLEZdDNbEs=
golang.org/x/sys v0.0.0-20200930185726-fdedc70b468f h1:+Nyd8tzPX9R7BWHguqsrbFdRx3WQ/1ib8I44HXV5yTA=
golang.org/x/sys v0.0.0-20200930185726-fdedc70b468f/go.mod h1:h1NjWce9XRLGQEsW7wpKNCjG9DtNlClVuFLEZdDNbEs=
golang.org/x/text v0.3.0/go.mod h1:NqM8EUOU14njkJ3fqMW+pc6Ldnwhi/IjpwHt7yyuwOQ=
golang.org/x/text v0.3.3/go.mod h1:5Zoc/QRtKVWzQhOtBMvqHzDpF6irO9z98xDceosuGiQ=
golang.org/x/tools v0.0.0-20180917221912-90fa682c2a6e h1:FDhOuMEY4JVRztM/gsbk+IKUQ8kj74bxZrgw87eMMVc=
golang.org/x/tools v0.0.0-20180917221912-90fa682c2a6e/go.mod h1:n7NCudcB/nEzxVGmLbDWY5pfWTLqBcC2KZ6jyYvM4mQ=
golang.org/x/xerrors v0.0.0-20191204190536-9bdfabe68543 h1:E7g+9GITq07hpfrRu66IVDexMakfv52eLZ2CXBWiKr4=
golang.org/x/xerrors v0.0.0-20191204190536-9bdfabe68543/go.mod h1:I/5z698sn9Ka8TeJc9MKroUUfqBBauWjQqLJ2OPfmY0=
golang.org/x/xerrors v0.0.0-20200804184101-5ec99f83aff1 h1:go1bK/D/BFZV2I8cIQd1NKEZ+0owSTG1fDTci4IqFcE=
golang.org/x/xerrors v0.0.0-20200804184101-5ec99f83aff1/go.mod h1:I/5z698sn9Ka8TeJc9MKroUUfqBBauWjQqLJ2OPfmY0=
